
Microsoft Visual Studio Solution File, Format Version 11.00
# Visual Studio 2010
Project("{FAE04EC0-301F-11D3-BF4B-00C04F79EFBC}") = "Assembly-CSharp", "Assembly-CSharp.csproj", "{38726700-e507-f42f-623d-e33f1db9e1a1}"
EndProject
Project("{FAE04EC0-301F-11D3-BF4B-00C04F79EFBC}") = "Assembly-CSharp-Editor", "Assembly-CSharp-Editor.csproj", "{471cbd56-5337-092b-3245-9ae05909fd87}"
EndProject
Global
	GlobalSection(SolutionConfigurationPlatforms) = preSolution
		Debug|Any CPU = Debug|Any CPU
	EndGlobalSection
	GlobalSection(ProjectConfigurationPlatforms) = postSolution
		{38726700-e507-f42f-623d-e33f1db9e1a1}.Debug|Any CPU.ActiveCfg = Debug|Any CPU
		{38726700-e507-f42f-623d-e33f1db9e1a1}.Debug|Any CPU.Build.0 = Debug|Any CPU
		{471cbd56-5337-092b-3245-9ae05909fd87}.Debug|Any CPU.ActiveCfg = Debug|Any CPU
		{471cbd56-5337-092b-3245-9ae05909fd87}.Debug|Any CPU.Build.0 = Debug|Any CPU
	EndGlobalSection
	GlobalSection(SolutionProperties) = preSolution
		HideSolutionNode = FALSE
	EndGlobalSection
EndGlobal
